
Microsoft Visual Studio Solution File, Format Version 12.00
Project("{FAE04EC0-301F-11D3-BF4B-00C04F79EFBC}") = "TomLonghurst.ApplicationInsights.SmartSampling", "TomLonghurst.ApplicationInsights.SmartSampling\TomLonghurst.ApplicationInsights.SmartSampling.csproj", "{878C3A8F-7BB8-4BD5-9594-45018FB41912}"
EndProject
Project("{FAE04EC0-301F-11D3-BF4B-00C04F79EFBC}") = "TomLonghurst.ApplicationInsights.SmartSampling.Example", "TomLonghurst.ApplicationInsights.SmartSampling.Example\TomLonghurst.ApplicationInsights.SmartSampling.Example.csproj", "{3F3D4B28-FF2C-4816-9334-6130340A9C0B}"
EndProject
Project("{FAE04EC0-301F-11D3-BF4B-00C04F79EFBC}") = "TomLonghurst.ApplicationInsights.SmartSampling.Example.Pinger", "TomLonghurst.ApplicationInsights.SmartSampling.Example.Pinger\TomLonghurst.ApplicationInsights.SmartSampling.Example.Pinger.csproj", "{AA5DF626-F6C3-4F18-BDE9-85CF8E41CD09}"
EndProject
Global
	GlobalSection(SolutionConfigurationPlatforms) = preSolution
		Debug|Any CPU = Debug|Any CPU
		Release|Any CPU = Release|Any CPU
	EndGlobalSection
	GlobalSection(ProjectConfigurationPlatforms) = postSolution
		{878C3A8F-7BB8-4BD5-9594-45018FB41912}.Debug|Any CPU.ActiveCfg = Debug|Any CPU
		{878C3A8F-7BB8-4BD5-9594-45018FB41912}.Debug|Any CPU.Build.0 = Debug|Any CPU
		{878C3A8F-7BB8-4BD5-9594-45018FB41912}.Release|Any CPU.ActiveCfg = Release|Any CPU
		{878C3A8F-7BB8-4BD5-9594-45018FB41912}.Release|Any CPU.Build.0 = Release|Any CPU
		{3F3D4B28-FF2C-4816-9334-6130340A9C0B}.Debug|Any CPU.ActiveCfg = Debug|Any CPU
		{3F3D4B28-FF2C-4816-9334-6130340A9C0B}.Debug|Any CPU.Build.0 = Debug|Any CPU
		{3F3D4B28-FF2C-4816-9334-6130340A9C0B}.Release|Any CPU.ActiveCfg = Release|Any CPU
		{3F3D4B28-FF2C-4816-9334-6130340A9C0B}.Release|Any CPU.Build.0 = Release|Any CPU
		{AA5DF626-F6C3-4F18-BDE9-85CF8E41CD09}.Debug|Any CPU.ActiveCfg = Debug|Any CPU
		{AA5DF626-F6C3-4F18-BDE9-85CF8E41CD09}.Debug|Any CPU.Build.0 = Debug|Any CPU
		{AA5DF626-F6C3-4F18-BDE9-85CF8E41CD09}.Release|Any CPU.ActiveCfg = Release|Any CPU
		{AA5DF626-F6C3-4F18-BDE9-85CF8E41CD09}.Release|Any CPU.Build.0 = Release|Any CPU
	EndGlobalSection
EndGlobal
